name: Refresh audit dependency lock

on:
  push:
    branches:
      - qa/full-production-audit-2026-10-07
    paths:
      - package.json
      - .github/workflows/refresh-audit-lock.yml

permissions:
  contents: write

jobs:
  refresh-lock:
    if: ${{ !contains(github.event.head_commit.message, '[deps-lock]') }}
    runs-on: ubuntu-latest
    steps:
      - uses: actions/checkout@v4
        with:
          ref: qa/full-production-audit-2026-10-07
      - uses: actions/setup-node@v4
        with:
          node-version: 20
      - run: npm install -g npm@10.8.2
      - run: npm install --package-lock-only --ignore-scripts
      - run: npm audit --audit-level=high
      - name: Commit refreshed lockfile
        run: |
          if git diff --quiet -- package-lock.json; then
            echo "Lockfile already current."
            exit 0
          fi
          git config user.name "github-actions[bot]"
          git config user.email "41898282+github-actions[bot]@users.noreply.github.com"
          git add package-lock.json
          git commit -m "[deps-lock] refresh patched dependency lock"
          git push origin HEAD:qa/full-production-audit-2026-10-07
